
Microsoft Visual Studio Solution File, Format Version 12.00
# Visual Studio Version 17
VisualStudioVersion = 17.5.002.0
MinimumVisualStudioVersion = 10.0.40219.1
Project("{2150E333-8FDC-42A3-9474-1A3956D46DE8}") = "src", "src", "{29FE02E8-035F-4D4D-AC3C-8D1E758F34D0}"
EndProject
Project("{9A19103F-16F7-4668-BE54-9A1E7A4F7556}") = "Library", "src\Library\Library.csproj", "{6F2E8278-43CE-4C72-9471-E142E7BD439E}"
EndProject
Project("{9A19103F-16F7-4668-BE54-9A1E7A4F7556}") = "Program", "src\Program\Program.csproj", "{0E98785B-EE9E-46FE-BD46-A2D413A3A472}"
EndProject
Project("{2150E333-8FDC-42A3-9474-1A3956D46DE8}") = "test", "test", "{434D4E54-BA47-4933-B0AF-16840A4A1373}"
EndProject
Project("{9A19103F-16F7-4668-BE54-9A1E7A4F7556}") = "Library.Tests", "test\Library.Tests\Library.Tests.csproj", "{B1E3B092-B18D-4091-83FB-379CABFA4AE7}"
EndProject
Global
	GlobalSection(SolutionConfigurationPlatforms) = preSolution
		Debug|Any CPU = Debug|Any CPU
		Release|Any CPU = Release|Any CPU
	EndGlobalSection
	GlobalSection(ProjectConfigurationPlatforms) = postSolution
		{6F2E8278-43CE-4C72-9471-E142E7BD439E}.Debug|Any CPU.ActiveCfg = Debug|Any CPU
		{6F2E8278-43CE-4C72-9471-E142E7BD439E}.Debug|Any CPU.Build.0 = Debug|Any CPU
		{6F2E8278-43CE-4C72-9471-E142E7BD439E}.Release|Any CPU.ActiveCfg = Release|Any CPU
		{6F2E8278-43CE-4C72-9471-E142E7BD439E}.Release|Any CPU.Build.0 = Release|Any CPU
		{0E98785B-EE9E-46FE-BD46-A2D413A3A472}.Debug|Any CPU.ActiveCfg = Debug|Any CPU
		{0E98785B-EE9E-46FE-BD46-A2D413A3A472}.Debug|Any CPU.Build.0 = Debug|Any CPU
		{0E98785B-EE9E-46FE-BD46-A2D413A3A472}.Release|Any CPU.ActiveCfg = Release|Any CPU
		{0E98785B-EE9E-46FE-BD46-A2D413A3A472}.Release|Any CPU.Build.0 = Release|Any CPU
		{B1E3B092-B18D-4091-83FB-379CABFA4AE7}.Debug|Any CPU.ActiveCfg = Debug|Any CPU
		{B1E3B092-B18D-4091-83FB-379CABFA4AE7}.Debug|Any CPU.Build.0 = Debug|Any CPU
		{B1E3B092-B18D-4091-83FB-379CABFA4AE7}.Release|Any CPU.ActiveCfg = Release|Any CPU
		{B1E3B092-B18D-4091-83FB-379CABFA4AE7}.Release|Any CPU.Build.0 = Release|Any CPU
	EndGlobalSection
	GlobalSection(SolutionProperties) = preSolution
		HideSolutionNode = FALSE
	EndGlobalSection
	GlobalSection(NestedProjects) = preSolution
		{6F2E8278-43CE-4C72-9471-E142E7BD439E} = {29FE02E8-035F-4D4D-AC3C-8D1E758F34D0}
		{0E98785B-EE9E-46FE-BD46-A2D413A3A472} = {29FE02E8-035F-4D4D-AC3C-8D1E758F34D0}
		{B1E3B092-B18D-4091-83FB-379CABFA4AE7} = {434D4E54-BA47-4933-B0AF-16840A4A1373}
	EndGlobalSection
	GlobalSection(ExtensibilityGlobals) = postSolution
		SolutionGuid = {197F3097-D2DF-4943-823C-572D324AE2CD}
	EndGlobalSection
EndGlobal
